
Microsoft Visual Studio Solution File, Format Version 12.00
# Visual Studio Version 17
VisualStudioVersion = 17.12.35527.113 d17.12
MinimumVisualStudioVersion = 10.0.40219.1
Project("{FAE04EC0-301F-11D3-BF4B-00C04F79EFBC}") = "CounselCat", "CounselCat\CounselCat.csproj", "{54A62004-9F5D-491E-A672-0F0CACF30DAE}"
EndProject
Project("{2150E333-8FDC-42A3-9474-1A3956D46DE8}") = "k8s", "k8s", "{417727C3-858F-4E57-9938-AF5BB520FDA9}"
	ProjectSection(SolutionItems) = preProject
		k8s\counsel-cat-deployment.yaml = k8s\counsel-cat-deployment.yaml
		k8s\counsel-cat-service.yaml = k8s\counsel-cat-service.yaml
	EndProjectSection
EndProject
Project("{2150E333-8FDC-42A3-9474-1A3956D46DE8}") = "Solution Items", "Solution Items", "{E83821F9-EA2C-414F-8592-E1ECCFEB7576}"
	ProjectSection(SolutionItems) = preProject
		docker-compose.yml = docker-compose.yml
		Dockerfile = Dockerfile
		README.md = README.md
	EndProjectSection
EndProject
Global
	GlobalSection(SolutionConfigurationPlatforms) = preSolution
		Debug|Any CPU = Debug|Any CPU
		Release|Any CPU = Release|Any CPU
	EndGlobalSection
	GlobalSection(ProjectConfigurationPlatforms) = postSolution
		{54A62004-9F5D-491E-A672-0F0CACF30DAE}.Debug|Any CPU.ActiveCfg = Debug|Any CPU
		{54A62004-9F5D-491E-A672-0F0CACF30DAE}.Debug|Any CPU.Build.0 = Debug|Any CPU
		{54A62004-9F5D-491E-A672-0F0CACF30DAE}.Release|Any CPU.ActiveCfg = Release|Any CPU
		{54A62004-9F5D-491E-A672-0F0CACF30DAE}.Release|Any CPU.Build.0 = Release|Any CPU
	EndGlobalSection
	GlobalSection(SolutionProperties) = preSolution
		HideSolutionNode = FALSE
	EndGlobalSection
	GlobalSection(NestedProjects) = preSolution
		{E0EB6B83-7896-4E7D-8433-1F9F3181C237} = {417727C3-858F-4E57-9938-AF5BB520FDA9}
	EndGlobalSection
EndGlobal
